<?xml version="1.0" encoding="utf-8"?>
<Project ToolsVersion="4.0" xmlns="http://schemas.microsoft.com/developer/msbuild/2003">
  <ItemGroup>
    <Filter Include="Source Files">
      <UniqueIdentifier>{4FC737F1-C7A5-4376-A066-2A32D752A2FF}</UniqueIdentifier>
      <Extensions>cpp;c;cc;cxx;c++;cppm;ixx;def;odl;idl;hpj;bat;asm;asmx</Extensions>
    </Filter>
    <Filter Include="Header Files">
      <UniqueIdentifier>{93995380-89BD-4b04-88EB-625FBE52EBFB}</UniqueIdentifier>
      <Extensions>h;hh;hpp;hxx;h++;hm;inl;inc;ipp;xsd</Extensions>
    </Filter>
    <Filter Include="Resource Files">
      <UniqueIdentifier>{67DA6AB6-F800-4c08-8B7A-83BB121AAD01}</UniqueIdentifier>
      <Extensions>rc;ico;cur;bmp;dlg;rc2;rct;bin;rgs;gif;jpg;jpeg;jpe;resx;tiff;tif;png;wav;mfcribbon-ms</Extensions>
    </Filter>
    <Filter Include="Source Files\bypass">
      <UniqueIdentifier>{32770402-0915-4a70-9e3e-2d17bfee4bbf}</UniqueIdentifier>
    </Filter>
    <Filter Include="Header Files\bypass">
      <UniqueIdentifier>{37752be7-4367-4189-83b2-137e18b85729}</UniqueIdentifier>
    </Filter>
    <Filter Include="Source Files\process_strucutres">
      <UniqueIdentifier>{4218dc30-4246-45e5-a3bf-0ade6bede3e9}</UniqueIdentifier>
    </Filter>
    <Filter Include="Header Files\process_strucutres">
      <UniqueIdentifier>{289acf40-04b8-4970-9bf1-fffce6c98b6d}</UniqueIdentifier>
    </Filter>
    <Filter Include="Header Files\process_management">
      <UniqueIdentifier>{48543a40-4c3f-49d6-883f-f82322ba6bec}</UniqueIdentifier>
    </Filter>
    <Filter Include="Header Files\vmm">
      <UniqueIdentifier>{2bd5cf71-dfbb-4bed-8de7-0c57e98dc451}</UniqueIdentifier>
    </Filter>
    <Filter Include="Source Files\loader">
      <UniqueIdentifier>{9e80b5df-e0a0-4522-98b5-8bae11eb52b7}</UniqueIdentifier>
    </Filter>
    <Filter Include="Header Files\loader">
      <UniqueIdentifier>{a3414e09-b845-4db7-93de-5ca1f309561b}</UniqueIdentifier>
    </Filter>
    <Filter Include="Source Files\process_management">
      <UniqueIdentifier>{24f75b87-ffcc-4b53-9c8f-87232f73bff1}</UniqueIdentifier>
    </Filter>
  </ItemGroup>
  <ItemGroup>
    <ClCompile Include="AntiDbgBypass.cpp">
      <Filter>Source Files</Filter>
    </ClCompile>
    <ClCompile Include="AntiDbg.cpp">
      <Filter>Source Files</Filter>
    </ClCompile>
    <ClCompile Include="NtGlobalFlag32.cpp">
      <Filter>Source Files\bypass</Filter>
    </ClCompile>
    <ClCompile Include="BeingDebugged32.cpp">
      <Filter>Source Files\bypass</Filter>
    </ClCompile>
    <ClCompile Include="BaseBypass32.cpp">
      <Filter>Source Files</Filter>
    </ClCompile>
    <ClCompile Include="GlobalFlagsClear32.cpp">
      <Filter>Source Files\bypass</Filter>
    </ClCompile>
    <ClCompile Include="ProcessHeapFlags32.cpp">
      <Filter>Source Files\bypass</Filter>
    </ClCompile>
    <ClCompile Include="ThreadLocalStorage.cpp">
      <Filter>Source Files\bypass</Filter>
    </ClCompile>
    <ClCompile Include="Hook32.cpp">
      <Filter>Source Files</Filter>
    </ClCompile>
    <ClCompile Include="RemoteOps.cpp">
      <Filter>Source Files</Filter>
    </ClCompile>
    <ClCompile Include="CheckRemoteDebuggerPresent32.cpp">
      <Filter>Source Files\bypass</Filter>
    </ClCompile>
    <ClCompile Include="hooklib.cpp">
      <Filter>Source Files</Filter>
    </ClCompile>
    <ClCompile Include="NtQueryInformationProcess32.cpp">
      <Filter>Source Files\bypass</Filter>
    </ClCompile>
    <ClCompile Include="ShellcodeGenerator.cpp">
      <Filter>Source Files</Filter>
    </ClCompile>
    <ClCompile Include="Heap32.cpp">
      <Filter>Source Files\bypass</Filter>
    </ClCompile>
    <ClCompile Include="HeapManagement32.cpp">
      <Filter>Source Files</Filter>
    </ClCompile>
    <ClCompile Include="Vmm.cpp">
      <Filter>Source Files</Filter>
    </ClCompile>
    <ClCompile Include="ProcessStructures32Wow64UM.cpp">
      <Filter>Source Files\process_strucutres</Filter>
    </ClCompile>
    <ClCompile Include="ProcessStructures32K.cpp">
      <Filter>Source Files\process_strucutres</Filter>
    </ClCompile>
    <ClCompile Include="ProcessStructures32UM.cpp">
      <Filter>Source Files\process_strucutres</Filter>
    </ClCompile>
    <ClCompile Include="ProcessStructures32Wow64K.cpp">
      <Filter>Source Files\process_strucutres</Filter>
    </ClCompile>
    <ClCompile Include="ProcessStructures32Base.cpp">
      <Filter>Source Files\process_strucutres</Filter>
    </ClCompile>
    <ClCompile Include="ProcessManagementUtils.cpp">
      <Filter>Source Files\process_management</Filter>
    </ClCompile>
    <ClCompile Include="ProcessManagement32.cpp">
      <Filter>Source Files\process_management</Filter>
    </ClCompile>
    <ClCompile Include="ProcessManagement64.cpp">
      <Filter>Source Files\process_management</Filter>
    </ClCompile>
    <ClCompile Include="LoaderUM.cpp">
      <Filter>Source Files\loader</Filter>
    </ClCompile>
    <ClCompile Include="BasePEB.cpp">
      <Filter>Source Files\process_strucutres</Filter>
    </ClCompile>
    <ClCompile Include="PEB32C.cpp">
      <Filter>Source Files\process_strucutres</Filter>
    </ClCompile>
    <ClCompile Include="PEB64C.cpp">
      <Filter>Source Files\process_strucutres</Filter>
    </ClCompile>
    <ClCompile Include="Int3Bypass.cpp">
      <Filter>Source Files\bypass</Filter>
    </ClCompile>
    <ClCompile Include="BreakPointOverride.cpp">
      <Filter>Source Files</Filter>
    </ClCompile>
    <ClCompile Include="FunctionCaller32.cpp">
      <Filter>Source Files</Filter>
    </ClCompile>
  </ItemGroup>
  <ItemGroup>
    <ClInclude Include="AntiDbg.h">
      <Filter>Header Files</Filter>
    </ClInclude>
    <ClInclude Include="ntddk.h">
      <Filter>Source Files</Filter>
    </ClInclude>
    <ClInclude Include="peb.h">
      <Filter>Header Files</Filter>
    </ClInclude>
    <ClInclude Include="NtGlobalFlag32.h">
      <Filter>Header Files\bypass</Filter>
    </ClInclude>
    <ClInclude Include="BeingDebugged32.h">
      <Filter>Header Files\bypass</Filter>
    </ClInclude>
    <ClInclude Include="BaseBypass32.h">
      <Filter>Header Files</Filter>
    </ClInclude>
    <ClInclude Include="GlobalFlagsClear32.h">
      <Filter>Header Files\bypass</Filter>
    </ClInclude>
    <ClInclude Include="ProcessHeapFlags32.h">
      <Filter>Header Files\bypass</Filter>
    </ClInclude>
    <ClInclude Include="ThreadLocalStorage.h">
      <Filter>Header Files\bypass</Filter>
    </ClInclude>
    <ClInclude Include="Hook32.h">
      <Filter>Header Files</Filter>
    </ClInclude>
    <ClInclude Include="RemoteOps.h">
      <Filter>Header Files</Filter>
    </ClInclude>
    <ClInclude Include="CheckRemoteDebuggerPresent32.h">
      <Filter>Header Files\bypass</Filter>
    </ClInclude>
    <ClInclude Include="hooklib.hpp">
      <Filter>Header Files</Filter>
    </ClInclude>
    <ClInclude Include="NtQueryInformationProcess32.h">
      <Filter>Header Files\bypass</Filter>
    </ClInclude>
    <ClInclude Include="ShellcodeGenerator.h">
      <Filter>Header Files</Filter>
    </ClInclude>
    <ClInclude Include="Heap32.h">
      <Filter>Header Files\bypass</Filter>
    </ClInclude>
    <ClInclude Include="HeapManagement32.h">
      <Filter>Header Files</Filter>
    </ClInclude>
    <ClInclude Include="ProcessStructures32Wow64UM.h">
      <Filter>Header Files\process_strucutres</Filter>
    </ClInclude>
    <ClInclude Include="ProcessStructures32Base.h">
      <Filter>Header Files\process_strucutres</Filter>
    </ClInclude>
    <ClInclude Include="ProcessStructures32K.h">
      <Filter>Header Files\process_strucutres</Filter>
    </ClInclude>
    <ClInclude Include="ProcessStructures32UM.h">
      <Filter>Header Files\process_strucutres</Filter>
    </ClInclude>
    <ClInclude Include="ProcessStructures32Wow64K.h">
      <Filter>Header Files\process_strucutres</Filter>
    </ClInclude>
    <ClInclude Include="ProcessManagement.h">
      <Filter>Header Files\process_management</Filter>
    </ClInclude>
    <ClInclude Include="ProcessManagement32.h">
      <Filter>Header Files\process_management</Filter>
    </ClInclude>
    <ClInclude Include="ProcessManagement64.h">
      <Filter>Header Files\process_management</Filter>
    </ClInclude>
    <ClInclude Include="ProcessManagementUtils.h">
      <Filter>Header Files\process_management</Filter>
    </ClInclude>
    <ClInclude Include="Vmm32UM.h">
      <Filter>Header Files\vmm</Filter>
    </ClInclude>
    <ClInclude Include="VmmBase.h">
      <Filter>Header Files\vmm</Filter>
    </ClInclude>
    <ClInclude Include="VmmUM.h">
      <Filter>Header Files\vmm</Filter>
    </ClInclude>
    <ClInclude Include="LoaderUM.h">
      <Filter>Header Files\loader</Filter>
    </ClInclude>
    <ClInclude Include="LoaderBase.h">
      <Filter>Header Files\loader</Filter>
    </ClInclude>
    <ClInclude Include="PEB64C.h">
      <Filter>Header Files\process_strucutres</Filter>
    </ClInclude>
    <ClInclude Include="PEB32C.h">
      <Filter>Header Files\process_strucutres</Filter>
    </ClInclude>
    <ClInclude Include="PEBBase.h">
      <Filter>Header Files</Filter>
    </ClInclude>
    <ClInclude Include="Int3Bypass.h">
      <Filter>Header Files\bypass</Filter>
    </ClInclude>
    <ClInclude Include="ModuleEntry32.h">
      <Filter>Header Files\process_strucutres</Filter>
    </ClInclude>
    <ClInclude Include="IModuleEntry.h">
      <Filter>Header Files\process_strucutres</Filter>
    </ClInclude>
    <ClInclude Include="ModuleEntryBase.h">
      <Filter>Header Files\process_strucutres</Filter>
    </ClInclude>
    <ClInclude Include="IPEB.h">
      <Filter>Header Files\process_strucutres</Filter>
    </ClInclude>
    <ClInclude Include="BreakPointOverride.h">
      <Filter>Header Files</Filter>
    </ClInclude>
    <ClInclude Include="IFunctionCaller.h">
      <Filter>Header Files</Filter>
    </ClInclude>
    <ClInclude Include="FunctionCaller32.h">
      <Filter>Header Files</Filter>
    </ClInclude>
    <ClInclude Include="FunctionCallerBuilder.h">
      <Filter>Header Files</Filter>
    </ClInclude>
    <ClInclude Include="FunctionCallerBuilder32.h">
      <Filter>Header Files</Filter>
    </ClInclude>
  </ItemGroup>
</Project>